
Microsoft Visual Studio Solution File, Format Version 12.00
# Visual Studio 15
VisualStudioVersion = 15.0.28307.421
MinimumVisualStudioVersion = 10.0.40219.1
Project("{FAE04EC0-301F-11D3-BF4B-00C04F79EFBC}") = "Curly.EventDriven.Abstractions", "Curly.EventDriven.Abstractions\Curly.EventDriven.Abstractions.csproj", "{CF482948-A3C1-45C5-A971-A3C6F8160BBB}"
EndProject
Project("{FAE04EC0-301F-11D3-BF4B-00C04F79EFBC}") = "Curly.EventDriven", "Curly.EventDriven\Curly.EventDriven.csproj", "{8EAE58D5-F0BF-46AA-BE44-7ABEA369EF82}"
EndProject
Project("{FAE04EC0-301F-11D3-BF4B-00C04F79EFBC}") = "Sandbox", "Sandbox\Sandbox.csproj", "{98AD7491-B0C2-43E6-A897-5F0031F9AE8A}"
EndProject
Global
	GlobalSection(SolutionConfigurationPlatforms) = preSolution
		Debug|Any CPU = Debug|Any CPU
		Release|Any CPU = Release|Any CPU
	EndGlobalSection
	GlobalSection(ProjectConfigurationPlatforms) = postSolution
		{CF482948-A3C1-45C5-A971-A3C6F8160BBB}.Debug|Any CPU.ActiveCfg = Debug|Any CPU
		{CF482948-A3C1-45C5-A971-A3C6F8160BBB}.Debug|Any CPU.Build.0 = Debug|Any CPU
		{CF482948-A3C1-45C5-A971-A3C6F8160BBB}.Release|Any CPU.ActiveCfg = Release|Any CPU
		{CF482948-A3C1-45C5-A971-A3C6F8160BBB}.Release|Any CPU.Build.0 = Release|Any CPU
		{8EAE58D5-F0BF-46AA-BE44-7ABEA369EF82}.Debug|Any CPU.ActiveCfg = Debug|Any CPU
		{8EAE58D5-F0BF-46AA-BE44-7ABEA369EF82}.Debug|Any CPU.Build.0 = Debug|Any CPU
		{8EAE58D5-F0BF-46AA-BE44-7ABEA369EF82}.Release|Any CPU.ActiveCfg = Release|Any CPU
		{8EAE58D5-F0BF-46AA-BE44-7ABEA369EF82}.Release|Any CPU.Build.0 = Release|Any CPU
		{98AD7491-B0C2-43E6-A897-5F0031F9AE8A}.Debug|Any CPU.ActiveCfg = Debug|Any CPU
		{98AD7491-B0C2-43E6-A897-5F0031F9AE8A}.Debug|Any CPU.Build.0 = Debug|Any CPU
		{98AD7491-B0C2-43E6-A897-5F0031F9AE8A}.Release|Any CPU.ActiveCfg = Release|Any CPU
		{98AD7491-B0C2-43E6-A897-5F0031F9AE8A}.Release|Any CPU.Build.0 = Release|Any CPU
	EndGlobalSection
	GlobalSection(SolutionProperties) = preSolution
		HideSolutionNode = FALSE
	EndGlobalSection
	GlobalSection(ExtensibilityGlobals) = postSolution
		SolutionGuid = {548D0713-7C08-4E0F-B5CA-16D5662E0E7B}
	EndGlobalSection
EndGlobal
